lockfileVersion: 5.4

specifiers:
  '@fortawesome/free-solid-svg-icons': ^6.3.0
  '@sveltejs/vite-plugin-svelte': ^2.0.3
  '@tsconfig/svelte': ^4.0.0
  '@types/autosize': ^4.0.1
  '@types/microlight': ^0.0.0
  '@types/semver-compare-multi': ^1.0.0
  microlight: ^0.0.7
  postcss: ^8.4.21
  prettier: ^2.8.4
  prettier-plugin-svelte: ^2.9.0
  pretty-bytes: ^6.1.0
  pretty-ms: ^8.0.0
  semver-compare-multi: ^1.0.3
  svelte: ^3.57.0
  svelte-check: ^3.1.4
  svelte-fa: ^3.0.3
  svelte-language-server: ^0.15.8
  svelte-preprocess: ^5.0.3
  svelte-routing: ^1.6.0
  tslib: ^2.5.0
  typescript: ^5.0.2
  uplot: ^1.6.24
  vite: ^4.2.0
  vite-plugin-windicss: ^1.8.10
  windicss: ^3.5.6
  xterm: ^5.1.0
  xterm-addon-attach: ^0.8.0
  xterm-addon-fit: ^0.7.0

dependencies:
  microlight: 0.0.7
  pretty-bytes: 6.1.0
  pretty-ms: 8.0.0
  semver-compare-multi: 1.0.3
  uplot: 1.6.24
  xterm: 5.1.0
  xterm-addon-attach: 0.8.0_xterm@5.1.0
  xterm-addon-fit: 0.7.0_xterm@5.1.0

devDependencies:
  '@fortawesome/free-solid-svg-icons': 6.3.0
  '@sveltejs/vite-plugin-svelte': 2.0.3_svelte@3.57.0+vite@4.2.0
  '@tsconfig/svelte': 4.0.0
  '@types/autosize': 4.0.1
  '@types/microlight': 0.0.0
  '@types/semver-compare-multi': 1.0.0
  postcss: 8.4.21
  prettier: 2.8.4
  prettier-plugin-svelte: 2.9.0_k23gl6auqwrxgr3e6o2bajswou
  svelte: 3.57.0
  svelte-check: 3.1.4_sd5d5bwhwct4qrvp7ra4wv5wou
  svelte-fa: 3.0.3
  svelte-language-server: 0.15.8_postcss@8.4.21
  svelte-preprocess: 5.0.3_s3nzjngzuqqwrio2vroyigrseq
  svelte-routing: 1.6.0_bar3e6maa3kocq65ftghewjow4
  tslib: 2.5.0
  typescript: 5.0.2
  vite: 4.2.0
  vite-plugin-windicss: 1.8.10_vite@4.2.0
  windicss: 3.5.6

packages:

  /@antfu/utils/0.7.2:
    resolution: {integrity: sha512-vy9fM3pIxZmX07dL+VX1aZe7ynZ+YyB0jY+jE6r3hOK6GNY2t6W8rzpFC4tgpbXUYABkFQwgJq2XYXlxbXAI0g==}
    dev: true

  /@emmetio/abbreviation/2.2.3:
    resolution: {integrity: sha512-87pltuCPt99aL+y9xS6GPZ+Wmmyhll2WXH73gG/xpGcQ84DRnptBsI2r0BeIQ0EB/SQTOe2ANPqFqj3Rj5FOGA==}
    dependencies:
      '@emmetio/scanner': 1.0.0
    dev: true

  /@emmetio/css-abbreviation/2.1.4:
    resolution: {integrity: sha512-qk9L60Y+uRtM5CPbB0y+QNl/1XKE09mSO+AhhSauIfr2YOx/ta3NJw2d8RtCFxgzHeRqFRr8jgyzThbu+MZ4Uw==}
    dependencies:
      '@emmetio/scanner': 1.0.0
    dev: true

  /@emmetio/scanner/1.0.0:
    resolution: {integrity: sha512-8HqW8EVqjnCmWXVpqAOZf+EGESdkR27odcMMMGefgKXtar00SoYNSryGv//TELI4T3QFsECo78p+0lmalk/CFA==}
    dev: true

  /@esbuild/android-arm/0.17.12:
    resolution: {integrity: sha512-E/sgkvwoIfj4aMAPL2e35VnUJspzVYl7+M1B2cqeubdBhADV4uPon0KCc8p2G+LqSJ6i8ocYPCqY3A4GGq0zkQ==}
    engines: {node: '>=12'}
    cpu: [arm]
    os: [android]
    requiresBuild: true
    dev: true
    optional: true

  /@esbuild/android-arm64/0.17.12:
    resolution: {integrity: sha512-WQ9p5oiXXYJ33F2EkE3r0FRDFVpEdcDiwNX3u7Xaibxfx6vQE0Sb8ytrfQsA5WO6kDn6mDfKLh6KrPBjvkk7xA==}
    engines: {node: '>=12'}
    cpu: [arm64]
    os: [android]
    requiresBuild: true
    dev: true
    optional: true

  /@esbuild/android-x64/0.17.12:
    resolution: {integrity: sha512-m4OsaCr5gT+se25rFPHKQXARMyAehHTQAz4XX1Vk3d27VtqiX0ALMBPoXZsGaB6JYryCLfgGwUslMqTfqeLU0w==}
    engines: {node: '>=12'}
    cpu: [x64]
    os: [android]
    requiresBuild: true
    dev: true
    optional: true

  /@esbuild/darwin-arm64/0.17.12:
    resolution: {integrity: sha512-O3GCZghRIx+RAN0NDPhyyhRgwa19MoKlzGonIb5hgTj78krqp9XZbYCvFr9N1eUxg0ZQEpiiZ4QvsOQwBpP+lg==}
    engines: {node: '>=12'}
    cpu: [arm64]
    os: [darwin]
    requiresBuild: true
    dev: true
    optional: true

  /@esbuild/darwin-x64/0.17.12:
    resolution: {integrity: sha512-5D48jM3tW27h1qjaD9UNRuN+4v0zvksqZSPZqeSWggfMlsVdAhH3pwSfQIFJwcs9QJ9BRibPS4ViZgs3d2wsCA==}
    engines: {node: '>=12'}
    cpu: [x64]
    os: [darwin]
    requiresBuild: true
    dev: true
    optional: true

  /@esbuild/freebsd-arm64/0.17.12:
    resolution: {integrity: sha512-OWvHzmLNTdF1erSvrfoEBGlN94IE6vCEaGEkEH29uo/VoONqPnoDFfShi41Ew+yKimx4vrmmAJEGNoyyP+OgOQ==}
    engines: {node: '>=12'}
    cpu: [arm64]
    os: [freebsd]
    requiresBuild: true
    dev: true
    optional: true

  /@esbuild/freebsd-x64/0.17.12:
    resolution: {integrity: sha512-A0Xg5CZv8MU9xh4a+7NUpi5VHBKh1RaGJKqjxe4KG87X+mTjDE6ZvlJqpWoeJxgfXHT7IMP9tDFu7IZ03OtJAw==}
    engines: {node: '>=12'}
    cpu: [x64]
    os: [freebsd]
    requiresBuild: true
    dev: true
    optional: true

  /@esbuild/linux-arm/0.17.12:
    resolution: {integrity: sha512-WsHyJ7b7vzHdJ1fv67Yf++2dz3D726oO3QCu8iNYik4fb5YuuReOI9OtA+n7Mk0xyQivNTPbl181s+5oZ38gyA==}
    engines: {node: '>=12'}
    cpu: [arm]
    os: [linux]
    requiresBuild: true
    dev: true
    optional: true

  /@esbuild/linux-arm64/0.17.12:
    resolution: {integrity: sha512-cK3AjkEc+8v8YG02hYLQIQlOznW+v9N+OI9BAFuyqkfQFR+DnDLhEM5N8QRxAUz99cJTo1rLNXqRrvY15gbQUg==}
    engines: {node: '>=12'}
    cpu: [arm64]
    os: [linux]
    requiresBuild: true
    dev: true
    optional: true

  /@esbuild/linux-ia32/0.17.12:
    resolution: {integrity: sha512-jdOBXJqcgHlah/nYHnj3Hrnl9l63RjtQ4vn9+bohjQPI2QafASB5MtHAoEv0JQHVb/xYQTFOeuHnNYE1zF7tYw==}
    engines: {node: '>=12'}
    cpu: [ia32]
    os: [linux]
    requiresBuild: true
    dev: true
    optional: true

  /@esbuild/linux-loong64/0.17.12:
    resolution: {integrity: sha512-GTOEtj8h9qPKXCyiBBnHconSCV9LwFyx/gv3Phw0pa25qPYjVuuGZ4Dk14bGCfGX3qKF0+ceeQvwmtI+aYBbVA==}
    engines: {node: '>=12'}
    cpu: [loong64]
    os: [linux]
    requiresBuild: true
    dev: true
    optional: true

  /@esbuild/linux-mips64el/0.17.12:
    resolution: {integrity: sha512-o8CIhfBwKcxmEENOH9RwmUejs5jFiNoDw7YgS0EJTF6kgPgcqLFjgoc5kDey5cMHRVCIWc6kK2ShUePOcc7RbA==}
    engines: {node: '>=12'}
    cpu: [mips64el]
    os: [linux]
    requiresBuild: true
    dev: true
    optional: true

  /@esbuild/linux-ppc64/0.17.12:
    resolution: {integrity: sha512-biMLH6NR/GR4z+ap0oJYb877LdBpGac8KfZoEnDiBKd7MD/xt8eaw1SFfYRUeMVx519kVkAOL2GExdFmYnZx3A==}
    engines: {node: '>=12'}
    cpu: [ppc64]
    os: [linux]
    requiresBuild: true
    dev: true
    optional: true

  /@esbuild/linux-riscv64/0.17.12:
    resolution: {integrity: sha512-jkphYUiO38wZGeWlfIBMB72auOllNA2sLfiZPGDtOBb1ELN8lmqBrlMiucgL8awBw1zBXN69PmZM6g4yTX84TA==}
    engines: {node: '>=12'}
    cpu: [riscv64]
    os: [linux]
    requiresBuild: true
    dev: true
    optional: true

  /@esbuild/linux-s390x/0.17.12:
    resolution: {integrity: sha512-j3ucLdeY9HBcvODhCY4b+Ds3hWGO8t+SAidtmWu/ukfLLG/oYDMaA+dnugTVAg5fnUOGNbIYL9TOjhWgQB8W5g==}
    engines: {node: '>=12'}
    cpu: [s390x]
    os: [linux]
    requiresBuild: true
    dev: true
    optional: true

  /@esbuild/linux-x64/0.17.12:
    resolution: {integrity: sha512-uo5JL3cgaEGotaqSaJdRfFNSCUJOIliKLnDGWaVCgIKkHxwhYMm95pfMbWZ9l7GeW9kDg0tSxcy9NYdEtjwwmA==}
    engines: {node: '>=12'}
    cpu: [x64]
    os: [linux]
    requiresBuild: true
    dev: true
    optional: true

  /@esbuild/netbsd-x64/0.17.12:
    resolution: {integrity: sha512-DNdoRg8JX+gGsbqt2gPgkgb00mqOgOO27KnrWZtdABl6yWTST30aibGJ6geBq3WM2TIeW6COs5AScnC7GwtGPg==}
    engines: {node: '>=12'}
    cpu: [x64]
    os: [netbsd]
    requiresBuild: true
    dev: true
    optional: true

  /@esbuild/openbsd-x64/0.17.12:
    resolution: {integrity: sha512-aVsENlr7B64w8I1lhHShND5o8cW6sB9n9MUtLumFlPhG3elhNWtE7M1TFpj3m7lT3sKQUMkGFjTQBrvDDO1YWA==}
    engines: {node: '>=12'}
    cpu: [x64]
    os: [openbsd]
    requiresBuild: true
    dev: true
    optional: true

  /@esbuild/sunos-x64/0.17.12:
    resolution: {integrity: sha512-qbHGVQdKSwi0JQJuZznS4SyY27tYXYF0mrgthbxXrZI3AHKuRvU+Eqbg/F0rmLDpW/jkIZBlCO1XfHUBMNJ1pg==}
    engines: {node: '>=12'}
    cpu: [x64]
    os: [sunos]
    requiresBuild: true
    dev: true
    optional: true

  /@esbuild/win32-arm64/0.17.12:
    resolution: {integrity: sha512-zsCp8Ql+96xXTVTmm6ffvoTSZSV2B/LzzkUXAY33F/76EajNw1m+jZ9zPfNJlJ3Rh4EzOszNDHsmG/fZOhtqDg==}
    engines: {node: '>=12'}
    cpu: [arm64]
    os: [win32]
    requiresBuild: true
    dev: true
    optional: true

  /@esbuild/win32-ia32/0.17.12:
    resolution: {integrity: sha512-FfrFjR4id7wcFYOdqbDfDET3tjxCozUgbqdkOABsSFzoZGFC92UK7mg4JKRc/B3NNEf1s2WHxJ7VfTdVDPN3ng==}
    engines: {node: '>=12'}
    cpu: [ia32]
    os: [win32]
    requiresBuild: true
    dev: true
    optional: true

  /@esbuild/win32-x64/0.17.12:
    resolution: {integrity: sha512-JOOxw49BVZx2/5tW3FqkdjSD/5gXYeVGPDcB0lvap0gLQshkh1Nyel1QazC+wNxus3xPlsYAgqU1BUmrmCvWtw==}
    engines: {node: '>=12'}
    cpu: [x64]
    os: [win32]
    requiresBuild: true
    dev: true
    optional: true

  /@fortawesome/fontawesome-common-types/6.3.0:
    resolution: {integrity: sha512-4BC1NMoacEBzSXRwKjZ/X/gmnbp/HU5Qqat7E8xqorUtBFZS+bwfGH5/wqOC2K6GV0rgEobp3OjGRMa5fK9pFg==}
    engines: {node: '>=6'}
    requiresBuild: true
    dev: true

  /@fortawesome/free-solid-svg-icons/6.3.0:
    resolution: {integrity: sha512-x5tMwzF2lTH8pyv8yeZRodItP2IVlzzmBuD1M7BjawWgg9XAvktqJJ91Qjgoaf8qJpHQ8FEU9VxRfOkLhh86QA==}
    engines: {node: '>=6'}
    requiresBuild: true
    dependencies:
      '@fortawesome/fontawesome-common-types': 6.3.0
    dev: true

  /@jridgewell/resolve-uri/3.1.0:
    resolution: {integrity: sha512-F2msla3tad+Mfht5cJq7LSXcdudKTWCVYUgw6pLFOOHSTtZlj6SWNYAp+AhuqLmWdBO2X5hPrLcu8cVP8fy28w==}
    engines: {node: '>=6.0.0'}
    dev: true

  /@jridgewell/sourcemap-codec/1.4.14:
    resolution: {integrity: sha512-XPSJHWmi394fuUuzDnGz1wiKqWfo1yXecHQMRf2l6hztTO+nPru658AyDngaBe7isIxEkRsPR3FZh+s7iVa4Uw==}
    dev: true

  /@jridgewell/trace-mapping/0.3.17:
    resolution: {integrity: sha512-MCNzAp77qzKca9+W/+I0+sEpaUnZoeasnghNeVc41VZCEKaCH73Vq3BZZ/SzWIgrqE4H4ceI+p+b6C0mHf9T4g==}
    dependencies:
      '@jridgewell/resolve-uri': 3.1.0
      '@jridgewell/sourcemap-codec': 1.4.14
    dev: true

  /@nodelib/fs.scandir/2.1.5:
    resolution: {integrity: sha512-vq24Bq3ym5HEQm2NKCr3yXDwjc7vTsEThRDnkp2DK9p1uqLR+DHurm/NOTo0KG7HYHU7eppKZj3MyqYuMBf62g==}
    engines: {node: '>= 8'}
    dependencies:
      '@nodelib/fs.stat': 2.0.5
      run-parallel: 1.2.0
    dev: true

  /@nodelib/fs.stat/2.0.5:
    resolution: {integrity: sha512-RkhPPp2zrqDAQA/2jNhnztcPAlv64XdhIp7a7454A5ovI7Bukxgt7MX7udwAu3zg1DcpPU0rz3VV1SeaqvY4+A==}
    engines: {node: '>= 8'}
    dev: true

  /@nodelib/fs.walk/1.2.8:
    resolution: {integrity: sha512-oGB+UxlgWcgQkgwo8GcEGwemoTFt3FIO9ababBmaGwXIoBKZ+GTy0pP185beGg7Llih/NSHSV2XAs1lnznocSg==}
    engines: {node: '>= 8'}
    dependencies:
      '@nodelib/fs.scandir': 2.1.5
      fastq: 1.15.0
    dev: true

  /@sveltejs/vite-plugin-svelte/2.0.3_svelte@3.57.0+vite@4.2.0:
    resolution: {integrity: sha512-o+cguBFdwIGtRbNkYOyqTM7KvRUffxh5bfK4oJsWKG2obu+v/cbpT03tJrGl58C7tRXo/aEC0/axN5FVHBj0nA==}
    engines: {node: ^14.18.0 || >= 16}
    peerDependencies:
      svelte: ^3.54.0
      vite: ^4.0.0
    dependencies:
      debug: 4.3.4
      deepmerge: 4.3.1
      kleur: 4.1.5
      magic-string: 0.29.0
      svelte: 3.57.0
      svelte-hmr: 0.15.1_svelte@3.57.0
      vite: 4.2.0
      vitefu: 0.2.4_vite@4.2.0
    transitivePeerDependencies:
      - supports-color
    dev: true

  /@tsconfig/svelte/4.0.0:
    resolution: {integrity: sha512-NlCBbTpDFz6Outgs8JoqdQls9xAWPJAnjRnkqa60GQymjiAE3gliwNZ5TohZF3w3cZ4x8wpe0Ow5Y9hs1EnDXA==}
    dev: true

  /@types/autosize/4.0.1:
    resolution: {integrity: sha512-iPJT/FCaSO79G6j+9n6gmFc5nhxZ1gDrA2UAvb5FslJ6FJQZnDfbBU0qp5vpp0Cbjj7+gOyjuWZ7RrXvRuETaA==}
    dev: true

  /@types/microlight/0.0.0:
    resolution: {integrity: sha512-PhPnbZkunal+hvIwXKct4KimoQIwiYvBx9yQRBR+kC302420pGRYGZEnLtY1seR/bjlV7bUUs7na4Z5tu3060w==}
    dev: true

  /@types/pug/2.0.6:
    resolution: {integrity: sha512-SnHmG9wN1UVmagJOnyo/qkk0Z7gejYxOYYmaAwr5u2yFYfsupN3sg10kyzN8Hep/2zbHxCnsumxOoRIRMBwKCg==}
    dev: true

  /@types/semver-compare-multi/1.0.0:
    resolution: {integrity: sha512-Kq3ctX7IkkD3dh3GAKDv55bSgLVpj0eeCsxJPYMMhZDLGiteS3/I/GxsdsQ4IGToPCaSLf1RuGmsSGFUShZ9iw==}
    dev: true

  /@vscode/emmet-helper/2.8.6:
    resolution: {integrity: sha512-IIB8jbiKy37zN8bAIHx59YmnIelY78CGHtThnibD/d3tQOKRY83bYVi9blwmZVUZh6l9nfkYH3tvReaiNxY9EQ==}
    dependencies:
      emmet: 2.3.6
      jsonc-parser: 2.3.1
      vscode-languageserver-textdocument: 1.0.8
      vscode-languageserver-types: 3.17.2
      vscode-uri: 2.1.2
    dev: true

  /@vscode/l10n/0.0.11:
    resolution: {integrity: sha512-ukOMWnCg1tCvT7WnDfsUKQOFDQGsyR5tNgRpwmqi+5/vzU3ghdDXzvIM4IOPdSb3OeSsBNvmSL8nxIVOqi2WXA==}
    dev: true

  /@windicss/config/1.8.10:
    resolution: {integrity: sha512-O9SsC110b1Ik3YYa4Ck/0TWuCo7YFfA9KDrwD5sAeqscT5COIGK1HszdCT3oh0MJFej2wNrvpfyW9h6yQaW6PA==}
    dependencies:
      debug: 4.3.4
      jiti: 1.18.2
      windicss: 3.5.6
    transitivePeerDependencies:
      - supports-color
    dev: true

  /@windicss/plugin-utils/1.8.10:
    resolution: {integrity: sha512-Phqk5OW1w+Mv+ry6t7BzAeDq3aMhbI94gR49j9vQCufFfDGCHndhhjtMK0sBv+NPJUsIAIh6qayb1iwBCXUGrw==}
    dependencies:
      '@antfu/utils': 0.7.2
      '@windicss/config': 1.8.10
      debug: 4.3.4
      fast-glob: 3.2.12
      magic-string: 0.27.0
      micromatch: 4.0.5
      windicss: 3.5.6
    transitivePeerDependencies:
      - supports-color
    dev: true

  /anymatch/3.1.3:
    resolution: {integrity: sha512-KMReFUr0B4t+D+OBkjR3KYqvocp2XaSzO55UcB6mgQMd3KbcE+mWTyvVV7D/zsdEbNnV6acZUutkiHQXvTr1Rw==}
    engines: {node: '>= 8'}
    dependencies:
      normalize-path: 3.0.0
      picomatch: 2.3.1
    dev: true

  /balanced-match/1.0.2:
    resolution: {integrity: sha512-3oSeUO0TMV67hN1AmbXsK4yaqU7tjiHlbxRDZOpH0KW9+CeX4bRAaX0Anxt0tx2MrpRpWwQaPwIlISEJhYU5Pw==}
    dev: true

  /binary-extensions/2.2.0:
    resolution: {integrity: sha512-jDctJ/IVQbZoJykoeHbhXpOlNBqGNcwXJKJog42E5HDPUwQTSdjCHdihjj0DlnheQ7blbT6dHOafNAiS8ooQKA==}
    engines: {node: '>=8'}
    dev: true

  /brace-expansion/1.1.11:
    resolution: {integrity: sha512-iCuPHDFgrHX7H2vEI/5xpz07zSHB00TpugqhmYtVmMO6518mCuRMoOYFldEBl0g187ufozdaHgWKcYFb61qGiA==}
    dependencies:
      balanced-match: 1.0.2
      concat-map: 0.0.1
    dev: true

  /braces/3.0.2:
    resolution: {integrity: sha512-b8um+L1RzM3WDSzvhm6gIz1yfTbBt6YTlcEKAvsmqCZZFw46z626lVj9j1yEPW33H5H+lBQpZMP1k8l+78Ha0A==}
    engines: {node: '>=8'}
    dependencies:
      fill-range: 7.0.1
    dev: true

  /buffer-crc32/0.2.13:
    resolution: {integrity: sha512-VO9Ht/+p3SN7SKWqcrgEzjGbRSJYTx+Q1pTQC0wrWqHx0vpJraQ6GtHx8tvcg1rlK1byhU5gccxgOgj7B0TDkQ==}
    dev: true

  /callsites/3.1.0:
    resolution: {integrity: sha512-P8BjAsXvZS+VIDUI11hHCQEv74YT67YUi5JJFNWIqL235sBmjX4+qx9Muvls5ivyNENctx46xQLQ3aTuE7ssaQ==}
    engines: {node: '>=6'}
    dev: true

  /chokidar/3.5.3:
    resolution: {integrity: sha512-Dr3sfKRP6oTcjf2JmUmFJfeVMvXBdegxB0iVQ5eb2V10uFJUCAS8OByZdVAyVb8xXNz3GjjTgj9kLWsZTqE6kw==}
    engines: {node: '>= 8.10.0'}
    dependencies:
      anymatch: 3.1.3
      braces: 3.0.2
      glob-parent: 5.1.2
      is-binary-path: 2.1.0
      is-glob: 4.0.3
      normalize-path: 3.0.0
      readdirp: 3.6.0
    optionalDependencies:
      fsevents: 2.3.2
    dev: true

  /concat-map/0.0.1:
    resolution: {integrity: sha512-/Srv4dswyQNBfohGpz9o6Yb3Gz3SrUDqBH5rTuhGR7ahtlbYKnVxw2bCFMRljaA7EXHaXZ8wsHdodFvbkhKmqg==}
    dev: true

  /debug/4.3.4:
    resolution: {integrity: sha512-PRWFHuSU3eDtQJPvnNY7Jcket1j0t5OuOsFzPPzsekD52Zl8qUfFIPEiswXqIvHWGVHOgX+7G/vCNNhehwxfkQ==}
    engines: {node: '>=6.0'}
    peerDependencies:
      supports-color: '*'
    peerDependenciesMeta:
      supports-color:
        optional: true
    dependencies:
      ms: 2.1.2
    dev: true

  /dedent-js/1.0.1:
    resolution: {integrity: sha512-OUepMozQULMLUmhxS95Vudo0jb0UchLimi3+pQ2plj61Fcy8axbP9hbiD4Sz6DPqn6XG3kfmziVfQ1rSys5AJQ==}
    dev: true

  /deepmerge/4.3.1:
    resolution: {integrity: sha512-3sUqbMEc77XqpdNO7FRyRog+eW3ph+GYCbj+rK+uYyRMuwsVy0rMiVtPn+QJlKFvWP/1PYpapqYn0Me2knFn+A==}
    engines: {node: '>=0.10.0'}
    dev: true

  /detect-indent/6.1.0:
    resolution: {integrity: sha512-reYkTUJAZb9gUuZ2RvVCNhVHdg62RHnJ7WJl8ftMi4diZ6NWlciOzQN88pUhSELEwflJht4oQDv0F0BMlwaYtA==}
    engines: {node: '>=8'}
    dev: true

  /emmet/2.3.6:
    resolution: {integrity: sha512-pLS4PBPDdxuUAmw7Me7+TcHbykTsBKN/S9XJbUOMFQrNv9MoshzyMFK/R57JBm94/6HSL4vHnDeEmxlC82NQ4A==}
    dependencies:
      '@emmetio/abbreviation': 2.2.3
      '@emmetio/css-abbreviation': 2.1.4
    dev: true

  /es6-promise/3.3.1:
    resolution: {integrity: sha512-SOp9Phqvqn7jtEUxPWdWfWoLmyt2VaJ6MpvP9Comy1MceMXqE6bxvaTu4iaxpYYPzhny28Lc+M87/c2cPK6lDg==}
    dev: true

  /esbuild/0.17.12:
    resolution: {integrity: sha512-bX/zHl7Gn2CpQwcMtRogTTBf9l1nl+H6R8nUbjk+RuKqAE3+8FDulLA+pHvX7aA7Xe07Iwa+CWvy9I8Y2qqPKQ==}
    engines: {node: '>=12'}
    hasBin: true
    requiresBuild: true
    optionalDependencies:
      '@esbuild/android-arm': 0.17.12
      '@esbuild/android-arm64': 0.17.12
      '@esbuild/android-x64': 0.17.12
      '@esbuild/darwin-arm64': 0.17.12
      '@esbuild/darwin-x64': 0.17.12
      '@esbuild/freebsd-arm64': 0.17.12
      '@esbuild/freebsd-x64': 0.17.12
      '@esbuild/linux-arm': 0.17.12
      '@esbuild/linux-arm64': 0.17.12
      '@esbuild/linux-ia32': 0.17.12
      '@esbuild/linux-loong64': 0.17.12
      '@esbuild/linux-mips64el': 0.17.12
      '@esbuild/linux-ppc64': 0.17.12
      '@esbuild/linux-riscv64': 0.17.12
      '@esbuild/linux-s390x': 0.17.12
      '@esbuild/linux-x64': 0.17.12
      '@esbuild/netbsd-x64': 0.17.12
      '@esbuild/openbsd-x64': 0.17.12
      '@esbuild/sunos-x64': 0.17.12
      '@esbuild/win32-arm64': 0.17.12
      '@esbuild/win32-ia32': 0.17.12
      '@esbuild/win32-x64': 0.17.12
    dev: true

  /estree-walker/2.0.2:
    resolution: {integrity: sha512-Rfkk/Mp/DL7JVje3u18FxFujQlTNR2q6QfMSMB7AvCBx91NGj/ba3kCfza0f6dVDbw7YlRf/nDrn7pQrCCyQ/w==}
    dev: true

  /fast-glob/3.2.12:
    resolution: {integrity: sha512-DVj4CQIYYow0BlaelwK1pHl5n5cRSJfM60UA0zK891sVInoPri2Ekj7+e1CT3/3qxXenpI+nBBmQAcJPJgaj4w==}
    engines: {node: '>=8.6.0'}
    dependencies:
      '@nodelib/fs.stat': 2.0.5
      '@nodelib/fs.walk': 1.2.8
      glob-parent: 5.1.2
      merge2: 1.4.1
      micromatch: 4.0.5
    dev: true

  /fastq/1.15.0:
    resolution: {integrity: sha512-wBrocU2LCXXa+lWBt8RoIRD89Fi8OdABODa/kEnyeyjS5aZO5/GNvI5sEINADqP/h8M29UHTHUb53sUu5Ihqdw==}
    dependencies:
      reusify: 1.0.4
    dev: true

  /fill-range/7.0.1:
    resolution: {integrity: sha512-qOo9F+dMUmC2Lcb4BbVvnKJxTPjCm+RRpe4gDuGrzkL7mEVl/djYSu2OdQ2Pa302N4oqkSg9ir6jaLWJ2USVpQ==}
    engines: {node: '>=8'}
    dependencies:
      to-regex-range: 5.0.1
    dev: true

  /fs.realpath/1.0.0:
    resolution: {integrity: sha512-OO0pH2lK6a0hZnAdau5ItzHPI6pUlvI7jMVnxUQRtw4owF2wk8lOSabtGDCTP4Ggrg2MbGnWO9X8K1t4+fGMDw==}
    dev: true

  /fsevents/2.3.2:
    resolution: {integrity: sha512-xiqMQR4xAeHTuB9uWm+fFRcIOgKBMiOBP+eXiyT7jsgVCq1bkVygt00oASowB7EdtpOHaaPgKt812P9ab+DDKA==}
    engines: {node: ^8.16.0 || ^10.6.0 || >=11.0.0}
    os: [darwin]
    requiresBuild: true
    dev: true
    optional: true

  /function-bind/1.1.1:
    resolution: {integrity: sha512-yIovAzMX49sF8Yl58fSCWJ5svSLuaibPxXQJFLmBObTuCr0Mf1KiPopGM9NiFjiYBCbfaa2Fh6breQ6ANVTI0A==}
    dev: true

  /glob-parent/5.1.2:
    resolution: {integrity: sha512-AOIgSQCepiJYwP3ARnGx+5VnTu2HBYdzbGP45eLw1vr3zB3vZLeyed1sC9hnbcOc9/SrMyM5RPQrkGz4aS9Zow==}
    engines: {node: '>= 6'}
    dependencies:
      is-glob: 4.0.3
    dev: true

  /glob/7.2.3:
    resolution: {integrity: sha512-nFR0zLpU2YCaRxwoCJvL6UvCH2JFyFVIvwTLsIf21AuHlMskA1hhTdk+LlYJtOlYt9v6dvszD2BGRqBL+iQK9Q==}
    dependencies:
      fs.realpath: 1.0.0
      inflight: 1.0.6
      inherits: 2.0.4
      minimatch: 3.1.2
      once: 1.4.0
      path-is-absolute: 1.0.1
    dev: true

  /graceful-fs/4.2.11:
    resolution: {integrity: sha512-RbJ5/jmFcNNCcDV5o9eTnBLJ/HszWV0P73bc+Ff4nS/rJj+YaS6IGyiOL0VoBYX+l1Wrl3k63h/KrH+nhJ0XvQ==}
    dev: true

  /has/1.0.3:
    resolution: {integrity: sha512-f2dvO0VU6Oej7RkWJGrehjbzMAjFp5/VKPp5tTpWIV4JHHZK1/BxbFRtf/siA2SWTe09caDmVtYYzWEIbBS4zw==}
    engines: {node: '>= 0.4.0'}
    dependencies:
      function-bind: 1.1.1
    dev: true

  /import-fresh/3.3.0:
    resolution: {integrity: sha512-veYYhQa+D1QBKznvhUHxb8faxlrwUnxseDAbAp457E0wLNio2bOSKnjYDhMj+YiAq61xrMGhQk9iXVk5FzgQMw==}
    engines: {node: '>=6'}
    dependencies:
      parent-module: 1.0.1
      resolve-from: 4.0.0
    dev: true

  /inflight/1.0.6:
    resolution: {integrity: sha512-k92I/b08q4wvFscXCLvqfsHCrjrF7yiXsQuIVvVE7N82W3+aqpzuUdBbfhWcy/FZR3/4IgflMgKLOsvPDrGCJA==}
    dependencies:
      once: 1.4.0
      wrappy: 1.0.2
    dev: true

  /inherits/2.0.4:
    resolution: {integrity: sha512-k/vGaX4/Yla3WzyMCvTQOXYeIHvqOKtnqBduzTHpzpQZzAskKMhZ2K+EnBiSM9zGSoIFeMpXKxa4dYeZIQqewQ==}
    dev: true

  /is-binary-path/2.1.0:
    resolution: {integrity: sha512-ZMERYes6pDydyuGidse7OsHxtbI7WVeUEozgR/g7rd0xUimYNlvZRE/K2MgZTjWy725IfelLeVcEM97mmtRGXw==}
    engines: {node: '>=8'}
    dependencies:
      binary-extensions: 2.2.0
    dev: true

  /is-core-module/2.11.0:
    resolution: {integrity: sha512-RRjxlvLDkD1YJwDbroBHMb+cukurkDWNyHx7D3oNB5x9rb5ogcksMC5wHCadcXoo67gVr/+3GFySh3134zi6rw==}
    dependencies:
      has: 1.0.3
    dev: true

  /is-extglob/2.1.1:
    resolution: {integrity: sha512-SbKbANkN603Vi4jEZv49LeVJMn4yGwsbzZworEoyEiutsN3nJYdbO36zfhGJ6QEDpOZIFkDtnq5JRxmvl3jsoQ==}
    engines: {node: '>=0.10.0'}
    dev: true

  /is-glob/4.0.3:
    resolution: {integrity: sha512-xelSayHH36ZgE7ZWhli7pW34hNbNl8Ojv5KVmkJD4hBdD3th8Tfk9vYasLM+mXWOZhFkgZfxhLSnrwRr4elSSg==}
    engines: {node: '>=0.10.0'}
    dependencies:
      is-extglob: 2.1.1
    dev: true

  /is-number/7.0.0:
    resolution: {integrity: sha512-41Cifkg6e8TylSpdtTpeLVMqvSBEVzTttHvERD741+pnZ8ANv0004MRL43QKPDlK9cGvNp6NZWZUBlbGXYxxng==}
    engines: {node: '>=0.12.0'}
    dev: true

  /jiti/1.18.2:
    resolution: {integrity: sha512-QAdOptna2NYiSSpv0O/BwoHBSmz4YhpzJHyi+fnMRTXFjp7B8i/YG5Z8IfusxB1ufjcD2Sre1F3R+nX3fvy7gg==}
    hasBin: true
    dev: true

  /jsonc-parser/2.3.1:
    resolution: {integrity: sha512-H8jvkz1O50L3dMZCsLqiuB2tA7muqbSg1AtGEkN0leAqGjsUzDJir3Zwr02BhqdcITPg3ei3mZ+HjMocAknhhg==}
    dev: true

  /kleur/4.1.5:
    resolution: {integrity: sha512-o+NO+8WrRiQEE4/7nwRJhN1HWpVmJm511pBHUxPLtp0BUISzlBplORYSmTclCnJvQq2tKu/sgl3xVpkc7ZWuQQ==}
    engines: {node: '>=6'}
    dev: true

  /kolorist/1.7.0:
    resolution: {integrity: sha512-ymToLHqL02udwVdbkowNpzjFd6UzozMtshPQKVi5k1EjKRqKqBrOnE9QbLEb0/pV76SAiIT13hdL8R6suc+f3g==}
    dev: true

  /lodash/4.17.21:
    resolution: {integrity: sha512-v2kDEe57lecTulaDIuNTPy3Ry4gLGJ6Z1O3vE1krgXZNrsQ+LFTGHVxVjcXPs17LhbZVGedAJv8XZ1tvj5FvSg==}
    dev: true

  /lower-case/2.0.2:
    resolution: {integrity: sha512-7fm3l3NAF9WfN6W3JOmf5drwpVqX78JtoGJ3A6W0a6ZnldM41w2fV5D490psKFTpMds8TJse/eHLFFsNHHjHgg==}
    dependencies:
      tslib: 2.5.0
    dev: true

  /magic-string/0.27.0:
    resolution: {integrity: sha512-8UnnX2PeRAPZuN12svgR9j7M1uWMovg/CEnIwIG0LFkXSJJe4PdfUGiTGl8V9bsBHFUtfVINcSyYxd7q+kx9fA==}
    engines: {node: '>=12'}
    dependencies:
      '@jridgewell/sourcemap-codec': 1.4.14
    dev: true

  /magic-string/0.29.0:
    resolution: {integrity: sha512-WcfidHrDjMY+eLjlU+8OvwREqHwpgCeKVBUpQ3OhYYuvfaYCUgcbuBzappNzZvg/v8onU3oQj+BYpkOJe9Iw4Q==}
    engines: {node: '>=12'}
    dependencies:
      '@jridgewell/sourcemap-codec': 1.4.14
    dev: true

  /merge2/1.4.1:
    resolution: {integrity: sha512-8q7VEgMJW4J8tcfVPy8g09NcQwZdbwFEqhe/WZkoIzjn/3TGDwtOCYtXGxA3O8tPzpczCCDgv+P2P5y00ZJOOg==}
    engines: {node: '>= 8'}
    dev: true

  /microlight/0.0.7:
    resolution: {integrity: sha512-kigwsJYoy4mAMkGZpS839/KZ5WWQQm4TzD+eIjR5leS5H0j+EhExvK0Z2Or2ewkBR/t7/AHHhxRyeXi1kurG0g==}
    dev: false

  /micromatch/4.0.5:
    resolution: {integrity: sha512-DMy+ERcEW2q8Z2Po+WNXuw3c5YaUSFjAO5GsJqfEl7UjvtIuFKO6ZrKvcItdy98dwFI2N1tg3zNIdKaQT+aNdA==}
    engines: {node: '>=8.6'}
    dependencies:
      braces: 3.0.2
      picomatch: 2.3.1
    dev: true

  /min-indent/1.0.1:
    resolution: {integrity: sha512-I9jwMn07Sy/IwOj3zVkVik2JTvgpaykDZEigL6Rx6N9LbMywwUSMtxET+7lVoDLLd3O3IXwJwvuuns8UB/HeAg==}
    engines: {node: '>=4'}
    dev: true

  /minimatch/3.1.2:
    resolution: {integrity: sha512-J7p63hRiAjw1NDEww1W7i37+ByIrOWO5XQQAzZ3VOcL0PNybwpfmV/N05zFAzwQ9USyEcX6t3UO+K5aqBQOIHw==}
    dependencies:
      brace-expansion: 1.1.11
    dev: true

  /minimist/1.2.8:
    resolution: {integrity: sha512-2yyAR8qBkN3YuheJanUpWC5U3bb5osDywNB8RzDVlDwDHbocAJveqqj1u8+SVD7jkWT4yvsHCpWqqWqAxb0zCA==}
    dev: true

  /mkdirp/0.5.6:
    resolution: {integrity: sha512-FP+p8RB8OWpF3YZBCrP5gtADmtXApB5AMLn+vdyA+PyxCjrCs00mjyUozssO33cwDeT3wNGdLxJ5M//YqtHAJw==}
    hasBin: true
    dependencies:
      minimist: 1.2.8
    dev: true

  /mri/1.2.0:
    resolution: {integrity: sha512-tzzskb3bG8LvYGFF/mDTpq3jpI6Q9wc3LEmBaghu+DdCssd1FakN7Bc0hVNmEyGq1bq3RgfkCb3cmQLpNPOroA==}
    engines: {node: '>=4'}
    dev: true

  /ms/2.1.2:
    resolution: {integrity: sha512-sGkPx+VjMtmA6MX27oA4FBFELFCZZ4S4XqeGOXCv68tT+jb3vk/RyaKWP0PTKyWtmLSM0b+adUTEvbs1PEaH2w==}
    dev: true

  /nanoid/3.3.4:
    resolution: {integrity: sha512-MqBkQh/OHTS2egovRtLk45wEyNXwF+cokD+1YPf9u5VfJiRdAiRwB2froX5Co9Rh20xs4siNPm8naNotSD6RBw==}
    engines: {node: ^10 || ^12 || ^13.7 || ^14 || >=15.0.1}
    hasBin: true
    dev: true

  /no-case/3.0.4:
    resolution: {integrity: sha512-fgAN3jGAh+RoxUGZHTSOLJIqUc2wmoBwGR4tbpNAKmmovFoWq0OdRkb0VkldReO2a2iBT/OEulG9XSUc10r3zg==}
    dependencies:
      lower-case: 2.0.2
      tslib: 2.5.0
    dev: true

  /normalize-path/3.0.0:
    resolution: {integrity: sha512-6eZs5Ls3WtCisHWp9S2GUy8dqkpGi4BVSz3GaqiE6ezub0512ESztXUwUB6C6IKbQkY2Pnb/mD4WYojCRwcwLA==}
    engines: {node: '>=0.10.0'}
    dev: true

  /once/1.4.0:
    resolution: {integrity: sha512-lNaJgI+2Q5URQBkccEKHTQOPaXdUxnZZElQTZY0MFUAuaEqe1E+Nyvgdz/aIyNi6Z9MzO5dv1H8n58/GELp3+w==}
    dependencies:
      wrappy: 1.0.2
    dev: true

  /parent-module/1.0.1:
    resolution: {integrity: sha512-GQ2EWRpQV8/o+Aw8YqtfZZPfNRWZYkbidE9k5rpl/hC3vtHHBfGm2Ifi6qWV+coDGkrUKZAxE3Lot5kcsRlh+g==}
    engines: {node: '>=6'}
    dependencies:
      callsites: 3.1.0
    dev: true

  /parse-ms/3.0.0:
    resolution: {integrity: sha512-Tpb8Z7r7XbbtBTrM9UhpkzzaMrqA2VXMT3YChzYltwV3P3pM6t8wl7TvpMnSTosz1aQAdVib7kdoys7vYOPerw==}
    engines: {node: '>=12'}
    dev: false

  /pascal-case/3.1.2:
    resolution: {integrity: sha512-uWlGT3YSnK9x3BQJaOdcZwrnV6hPpd8jFH1/ucpiLRPh/2zCVJKS19E4GvYHvaCcACn3foXZ0cLB9Wrx1KGe5g==}
    dependencies:
      no-case: 3.0.4
      tslib: 2.5.0
    dev: true

  /path-is-absolute/1.0.1:
    resolution: {integrity: sha512-AVbw3UJ2e9bq64vSaS9Am0fje1Pa8pbGqTTsmXfaIiMpnr5DlDhfJOuLj9Sf95ZPVDAUerDfEk88MPmPe7UCQg==}
    engines: {node: '>=0.10.0'}
    dev: true

  /path-parse/1.0.7:
    resolution: {integrity: sha512-LDJzPVEEEPR+y48z93A0Ed0yXb8pAByGWo/k5YYdYgpY2/2EsOsksJrq7lOHxryrVOn1ejG6oAp8ahvOIQD8sw==}
    dev: true

  /picocolors/1.0.0:
    resolution: {integrity: sha512-1fygroTLlHu66zi26VoTDv8yRgm0Fccecssto+MhsZ0D/DGW2sm8E8AjW7NU5VVTRt5GxbeZ5qBuJr+HyLYkjQ==}
    dev: true

  /picomatch/2.3.1:
    resolution: {integrity: sha512-JU3teHTNjmE2VCGFzuY8EXzCDVwEqB2a8fsIvwaStHhAWJEeVd1o1QD80CU6+ZdEXXSLbSsuLwJjkCBWqRQUVA==}
    engines: {node: '>=8.6'}
    dev: true

  /postcss/8.4.21:
    resolution: {integrity: sha512-tP7u/Sn/dVxK2NnruI4H9BG+x+Wxz6oeZ1cJ8P6G/PZY0IKk4k/63TDsQf2kQq3+qoJeLm2kIBUNlZe3zgb4Zg==}
    engines: {node: ^10 || ^12 || >=14}
    dependencies:
      nanoid: 3.3.4
      picocolors: 1.0.0
      source-map-js: 1.0.2
    dev: true

  /prettier-plugin-svelte/2.9.0_c25feh7akwshegxdj2xzo3ajiu:
    resolution: {integrity: sha512-3doBi5NO4IVgaNPtwewvrgPpqAcvNv0NwJNflr76PIGgi9nf1oguQV1Hpdm9TI2ALIQVn/9iIwLpBO5UcD2Jiw==}
    peerDependencies:
      prettier: ^1.16.4 || ^2.0.0
      svelte: ^3.2.0
    dependencies:
      prettier: 2.8.1
      svelte: 3.57.0
    dev: true

  /prettier-plugin-svelte/2.9.0_k23gl6auqwrxgr3e6o2bajswou:
    resolution: {integrity: sha512-3doBi5NO4IVgaNPtwewvrgPpqAcvNv0NwJNflr76PIGgi9nf1oguQV1Hpdm9TI2ALIQVn/9iIwLpBO5UcD2Jiw==}
    peerDependencies:
      prettier: ^1.16.4 || ^2.0.0
      svelte: ^3.2.0
    dependencies:
      prettier: 2.8.4
      svelte: 3.57.0
    dev: true

  /prettier/2.8.1:
    resolution: {integrity: sha512-lqGoSJBQNJidqCHE80vqZJHWHRFoNYsSpP9AjFhlhi9ODCJA541svILes/+/1GM3VaL/abZi7cpFzOpdR9UPKg==}
    engines: {node: '>=10.13.0'}
    hasBin: true
    dev: true

  /prettier/2.8.4:
    resolution: {integrity: sha512-vIS4Rlc2FNh0BySk3Wkd6xmwxB0FpOndW5fisM5H8hsZSxU2VWVB5CWIkIjWvrHjIhxk2g3bfMKM87zNTrZddw==}
    engines: {node: '>=10.13.0'}
    hasBin: true
    dev: true

  /pretty-bytes/6.1.0:
    resolution: {integrity: sha512-Rk753HI8f4uivXi4ZCIYdhmG1V+WKzvRMg/X+M42a6t7D07RcmopXJMDNk6N++7Bl75URRGsb40ruvg7Hcp2wQ==}
    engines: {node: ^14.13.1 || >=16.0.0}
    dev: false

  /pretty-ms/8.0.0:
    resolution: {integrity: sha512-ASJqOugUF1bbzI35STMBUpZqdfYKlJugy6JBziGi2EE+AL5JPJGSzvpeVXojxrr0ViUYoToUjb5kjSEGf7Y83Q==}
    engines: {node: '>=14.16'}
    dependencies:
      parse-ms: 3.0.0
    dev: false

  /queue-microtask/1.2.3:
    resolution: {integrity: sha512-NuaNSa6flKT5JaSYQzJok04JzTL1CA6aGhv5rfLW3PgqA+M2ChpZQnAC8h8i4ZFkBS8X5RqkDBHA7r4hej3K9A==}
    dev: true

  /readdirp/3.6.0:
    resolution: {integrity: sha512-hOS089on8RduqdbhvQ5Z37A0ESjsqz6qnRcffsMU3495FuTdqSm+7bhJ29JvIOsBDEEnan5DPu9t3To9VRlMzA==}
    engines: {node: '>=8.10.0'}
    dependencies:
      picomatch: 2.3.1
    dev: true

  /resolve-from/4.0.0:
    resolution: {integrity: sha512-pb/MYmXstAkysRFx8piNI1tGFNQIFA3vkE3Gq4EuA1dF6gHp/+vgZqsCGJapvy8N3Q+4o7FwvquPJcnZ7RYy4g==}
    engines: {node: '>=4'}
    dev: true

  /resolve/1.22.1:
    resolution: {integrity: sha512-nBpuuYuY5jFsli/JIs1oldw6fOQCBioohqWZg/2hiaOybXOft4lonv85uDOKXdf8rhyK159cxU5cDcK/NKk8zw==}
    hasBin: true
    dependencies:
      is-core-module: 2.11.0
      path-parse: 1.0.7
      supports-preserve-symlinks-flag: 1.0.0
    dev: true

  /reusify/1.0.4:
    resolution: {integrity: sha512-U9nH88a3fc/ekCF1l0/UP1IosiuIjyTh7hBvXVMHYgVcfGvt897Xguj2UOLDeI5BG2m7/uwyaLVT6fbtCwTyzw==}
    engines: {iojs: '>=1.0.0', node: '>=0.10.0'}
    dev: true

  /rimraf/2.7.1:
    resolution: {integrity: sha512-uWjbaKIK3T1OSVptzX7Nl6PvQ3qAGtKEtVRjRuazjfL3Bx5eI409VZSqgND+4UNnmzLVdPj9FqFJNPqBZFve4w==}
    hasBin: true
    dependencies:
      glob: 7.2.3
    dev: true

  /rollup/3.19.1:
    resolution: {integrity: sha512-lAbrdN7neYCg/8WaoWn/ckzCtz+jr70GFfYdlf50OF7387HTg+wiuiqJRFYawwSPpqfqDNYqK7smY/ks2iAudg==}
    engines: {node: '>=14.18.0', npm: '>=8.0.0'}
    hasBin: true
    optionalDependencies:
      fsevents: 2.3.2
    dev: true

  /run-parallel/1.2.0:
    resolution: {integrity: sha512-5l4VyZR86LZ/lDxZTR6jqL8AFE2S0IFLMP26AbjsLVADxHdhB/c0GUsH+y39UfCi3dzz8OlQuPmnaJOMoDHQBA==}
    dependencies:
      queue-microtask: 1.2.3
    dev: true

  /sade/1.8.1:
    resolution: {integrity: sha512-xal3CZX1Xlo/k4ApwCFrHVACi9fBqJ7V+mwhBsuf/1IOKbBy098Fex+Wa/5QMubw09pSZ/u8EY8PWgevJsXp1A==}
    engines: {node: '>=6'}
    dependencies:
      mri: 1.2.0
    dev: true

  /sander/0.5.1:
    resolution: {integrity: sha512-3lVqBir7WuKDHGrKRDn/1Ye3kwpXaDOMsiRP1wd6wpZW56gJhsbp5RqQpA6JG/P+pkXizygnr1dKR8vzWaVsfA==}
    dependencies:
      es6-promise: 3.3.1
      graceful-fs: 4.2.11
      mkdirp: 0.5.6
      rimraf: 2.7.1
    dev: true

  /semver-compare-multi/1.0.3:
    resolution: {integrity: sha512-D6TUU36WXt52qOPXfWZj7Jlq+yTvpFu5+QL23czUiKxwpCIF+CSx3IyP8lWeLOOm17zkw/DQ8kjjAGns4bOxxg==}
    dev: false

  /sorcery/0.11.0:
    resolution: {integrity: sha512-J69LQ22xrQB1cIFJhPfgtLuI6BpWRiWu1Y3vSsIwK/eAScqJxd/+CJlUuHQRdX2C9NGFamq+KqNywGgaThwfHw==}
    hasBin: true
    dependencies:
      '@jridgewell/sourcemap-codec': 1.4.14
      buffer-crc32: 0.2.13
      minimist: 1.2.8
      sander: 0.5.1
    dev: true

  /source-map-js/1.0.2:
    resolution: {integrity: sha512-R0XvVJ9WusLiqTCEiGCmICCMplcCkIwwR11mOSD9CR5u+IXYdiseeEuXCVAjS54zqwkLcPNnmU4OeJ6tUrWhDw==}
    engines: {node: '>=0.10.0'}
    dev: true

  /strip-indent/3.0.0:
    resolution: {integrity: sha512-laJTa3Jb+VQpaC6DseHhF7dXVqHTfJPCRDaEbid/drOhgitgYku/letMUqOXFoWV0zIIUbjpdH2t+tYj4bQMRQ==}
    engines: {node: '>=8'}
    dependencies:
      min-indent: 1.0.1
    dev: true

  /supports-preserve-symlinks-flag/1.0.0:
    resolution: {integrity: sha512-ot0WnXS9fgdkgIcePe6RHNk1WA8+muPa6cSjeR3V8K27q9BB1rTE3R1p7Hv0z1ZyAc8s6Vvv8DIyWf681MAt0w==}
    engines: {node: '>= 0.4'}
    dev: true

  /svelte-check/3.1.4_sd5d5bwhwct4qrvp7ra4wv5wou:
    resolution: {integrity: sha512-25Lb46ZS4IK/XpBMe4IBMrtYf23V8alqBX+szXoccb7uM0D2Wqq5rMRzYBONZnFVuU1bQG3R50lyIT5eRewv2g==}
    hasBin: true
    peerDependencies:
      svelte: ^3.55.0
    dependencies:
      '@jridgewell/trace-mapping': 0.3.17
      chokidar: 3.5.3
      fast-glob: 3.2.12
      import-fresh: 3.3.0
      picocolors: 1.0.0
      sade: 1.8.1
      svelte: 3.57.0
      svelte-preprocess: 5.0.3_ybrbwhhu54cxvzb5hyvixtn33q
      typescript: 4.9.5
    transitivePeerDependencies:
      - '@babel/core'
      - coffeescript
      - less
      - postcss
      - postcss-load-config
      - pug
      - sass
      - stylus
      - sugarss
    dev: true

  /svelte-fa/3.0.3:
    resolution: {integrity: sha512-GIikJjcVCD+5Y/x9hZc2R4gvuA0gVftacuWu1a+zVQWSFjFYZ+hhU825x+QNs2slsppfrgmFiUyU9Sz9gj4Rdw==}
    dev: true

  /svelte-hmr/0.15.1_svelte@3.57.0:
    resolution: {integrity: sha512-BiKB4RZ8YSwRKCNVdNxK/GfY+r4Kjgp9jCLEy0DuqAKfmQtpL38cQK3afdpjw4sqSs4PLi3jIPJIFp259NkZtA==}
    engines: {node: ^12.20 || ^14.13.1 || >= 16}
    peerDependencies:
      svelte: '>=3.19.0'
    dependencies:
      svelte: 3.57.0
    dev: true

  /svelte-language-server/0.15.8_postcss@8.4.21:
    resolution: {integrity: sha512-WTf/npdGvC2eXuSYHeWbRdcNqgO6xTm679Ag9uQGQIKivBTHSIZVSW1Geia/wjw3HmC0xBNhpD6SvtpcJgkPvw==}
    engines: {node: '>= 12.0.0'}
    hasBin: true
    dependencies:
      '@jridgewell/trace-mapping': 0.3.17
      '@vscode/emmet-helper': 2.8.6
      chokidar: 3.5.3
      estree-walker: 2.0.2
      fast-glob: 3.2.12
      lodash: 4.17.21
      prettier: 2.8.1
      prettier-plugin-svelte: 2.9.0_c25feh7akwshegxdj2xzo3ajiu
      svelte: 3.57.0
      svelte-preprocess: 5.0.3_s3nzjngzuqqwrio2vroyigrseq
      svelte2tsx: 0.6.10_bar3e6maa3kocq65ftghewjow4
      typescript: 5.0.2
      vscode-css-languageservice: 6.2.4
      vscode-html-languageservice: 5.0.4
      vscode-languageserver: 8.0.2
      vscode-languageserver-protocol: 3.17.2
      vscode-languageserver-types: 3.17.2
      vscode-uri: 3.0.7
    transitivePeerDependencies:
      - '@babel/core'
      - coffeescript
      - less
      - postcss
      - postcss-load-config
      - pug
      - sass
      - stylus
      - sugarss
    dev: true

  /svelte-preprocess/5.0.3_s3nzjngzuqqwrio2vroyigrseq:
    resolution: {integrity: sha512-GrHF1rusdJVbOZOwgPWtpqmaexkydznKzy5qIC2FabgpFyKN57bjMUUUqPRfbBXK5igiEWn1uO/DXsa2vJ5VHA==}
    engines: {node: '>= 14.10.0'}
    requiresBuild: true
    peerDependencies:
      '@babel/core': ^7.10.2
      coffeescript: ^2.5.1
      less: ^3.11.3 || ^4.0.0
      postcss: ^7 || ^8
      postcss-load-config: ^2.1.0 || ^3.0.0 || ^4.0.0
      pug: ^3.0.0
      sass: ^1.26.8
      stylus: ^0.55.0
      sugarss: ^2.0.0 || ^3.0.0 || ^4.0.0
      svelte: ^3.23.0
      typescript: '>=3.9.5 || ^4.0.0 || ^5.0.0'
    peerDependenciesMeta:
      '@babel/core':
        optional: true
      coffeescript:
        optional: true
      less:
        optional: true
      postcss:
        optional: true
      postcss-load-config:
        optional: true
      pug:
        optional: true
      sass:
        optional: true
      stylus:
        optional: true
      sugarss:
        optional: true
      typescript:
        optional: true
    dependencies:
      '@types/pug': 2.0.6
      detect-indent: 6.1.0
      magic-string: 0.27.0
      postcss: 8.4.21
      sorcery: 0.11.0
      strip-indent: 3.0.0
      svelte: 3.57.0
      typescript: 5.0.2
    dev: true

  /svelte-preprocess/5.0.3_ybrbwhhu54cxvzb5hyvixtn33q:
    resolution: {integrity: sha512-GrHF1rusdJVbOZOwgPWtpqmaexkydznKzy5qIC2FabgpFyKN57bjMUUUqPRfbBXK5igiEWn1uO/DXsa2vJ5VHA==}
    engines: {node: '>= 14.10.0'}
    requiresBuild: true
    peerDependencies:
      '@babel/core': ^7.10.2
      coffeescript: ^2.5.1
      less: ^3.11.3 || ^4.0.0
      postcss: ^7 || ^8
      postcss-load-config: ^2.1.0 || ^3.0.0 || ^4.0.0
      pug: ^3.0.0
      sass: ^1.26.8
      stylus: ^0.55.0
      sugarss: ^2.0.0 || ^3.0.0 || ^4.0.0
      svelte: ^3.23.0
      typescript: '>=3.9.5 || ^4.0.0 || ^5.0.0'
    peerDependenciesMeta:
      '@babel/core':
        optional: true
      coffeescript:
        optional: true
      less:
        optional: true
      postcss:
        optional: true
      postcss-load-config:
        optional: true
      pug:
        optional: true
      sass:
        optional: true
      stylus:
        optional: true
      sugarss:
        optional: true
      typescript:
        optional: true
    dependencies:
      '@types/pug': 2.0.6
      detect-indent: 6.1.0
      magic-string: 0.27.0
      postcss: 8.4.21
      sorcery: 0.11.0
      strip-indent: 3.0.0
      svelte: 3.57.0
      typescript: 4.9.5
    dev: true

  /svelte-routing/1.6.0_bar3e6maa3kocq65ftghewjow4:
    resolution: {integrity: sha512-+DbrSGttLA6lan7oWFz1MjyGabdn3tPRqn8Osyc471ut2UgCrzM5x1qViNMc2gahOP6fKbKK1aNtZMJEQP2vHQ==}
    peerDependencies:
      svelte: ^3.20.x
    dependencies:
      svelte: 3.57.0
      svelte2tsx: 0.1.193_bar3e6maa3kocq65ftghewjow4
    transitivePeerDependencies:
      - typescript
    dev: true

  /svelte/3.57.0:
    resolution: {integrity: sha512-WMXEvF+RtAaclw0t3bPDTUe19pplMlfyKDsixbHQYgCWi9+O9VN0kXU1OppzrB9gPAvz4NALuoca2LfW2bOjTQ==}
    engines: {node: '>= 8'}
    dev: true

  /svelte2tsx/0.1.193_bar3e6maa3kocq65ftghewjow4:
    resolution: {integrity: sha512-vzy4YQNYDnoqp2iZPnJy7kpPAY6y121L0HKrSBjU/IWW7DQ6T7RMJed2VVHFmVYm0zAGYMDl9urPc6R4DDUyhg==}
    peerDependencies:
      svelte: ^3.24
      typescript: ^4.1.2
    dependencies:
      dedent-js: 1.0.1
      pascal-case: 3.1.2
      svelte: 3.57.0
      typescript: 5.0.2
    dev: true

  /svelte2tsx/0.6.10_bar3e6maa3kocq65ftghewjow4:
    resolution: {integrity: sha512-7CtUexhSHppSpLwVX7yI9OxJp7+esCNTuOF/CaVxWTgWp88QF/2/dCbpND/cTZmBxht5cFFQBwoLXXqFLdYe3Q==}
    peerDependencies:
      svelte: ^3.55
      typescript: ^4.9.4 || ^5.0.0
    dependencies:
      dedent-js: 1.0.1
      pascal-case: 3.1.2
      svelte: 3.57.0
      typescript: 5.0.2
    dev: true

  /to-regex-range/5.0.1:
    resolution: {integrity: sha512-65P7iz6X5yEr1cwcgvQxbbIw7Uk3gOy5dIdtZ4rDveLqhrdJP+Li/Hx6tyK0NEb+2GCyneCMJiGqrADCSNk8sQ==}
    engines: {node: '>=8.0'}
    dependencies:
      is-number: 7.0.0
    dev: true

  /tslib/2.5.0:
    resolution: {integrity: sha512-336iVw3rtn2BUK7ORdIAHTyxHGRIHVReokCR3XjbckJMK7ms8FysBfhLR8IXnAgy7T0PTPNBWKiH514FOW/WSg==}
    dev: true

  /typescript/4.9.5:
    resolution: {integrity: sha512-1FXk9E2Hm+QzZQ7z+McJiHL4NW1F2EzMu9Nq9i3zAaGqibafqYwCVU6WyWAuyQRRzOlxou8xZSyXLEN8oKj24g==}
    engines: {node: '>=4.2.0'}
    hasBin: true
    dev: true

  /typescript/5.0.2:
    resolution: {integrity: sha512-wVORMBGO/FAs/++blGNeAVdbNKtIh1rbBL2EyQ1+J9lClJ93KiiKe8PmFIVdXhHcyv44SL9oglmfeSsndo0jRw==}
    engines: {node: '>=12.20'}
    hasBin: true
    dev: true

  /uplot/1.6.24:
    resolution: {integrity: sha512-WpH2BsrFrqxkMu+4XBvc0eCDsRBhzoq9crttYeSI0bfxpzR5YoSVzZXOKFVWcVC7sp/aDXrdDPbDZGCtck2PVg==}
    dev: false

  /vite-plugin-windicss/1.8.10_vite@4.2.0:
    resolution: {integrity: sha512-scywsuzo46lcTBohspmF0WiwhWEte6p+OUVrX4yr7VMRvLHMHVfLtJReyD5pppjijG7YOwVsZn7XBWWZtF658Q==}
    peerDependencies:
      vite: ^2.0.1 || ^3.0.0 || ^4.0.0
    dependencies:
      '@windicss/plugin-utils': 1.8.10
      debug: 4.3.4
      kolorist: 1.7.0
      vite: 4.2.0
      windicss: 3.5.6
    transitivePeerDependencies:
      - supports-color
    dev: true

  /vite/4.2.0:
    resolution: {integrity: sha512-AbDTyzzwuKoRtMIRLGNxhLRuv1FpRgdIw+1y6AQG73Q5+vtecmvzKo/yk8X/vrHDpETRTx01ABijqUHIzBXi0g==}
    engines: {node: ^14.18.0 || >=16.0.0}
    hasBin: true
    peerDependencies:
      '@types/node': '>= 14'
      less: '*'
      sass: '*'
      stylus: '*'
      sugarss: '*'
      terser: ^5.4.0
    peerDependenciesMeta:
      '@types/node':
        optional: true
      less:
        optional: true
      sass:
        optional: true
      stylus:
        optional: true
      sugarss:
        optional: true
      terser:
        optional: true
    dependencies:
      esbuild: 0.17.12
      postcss: 8.4.21
      resolve: 1.22.1
      rollup: 3.19.1
    optionalDependencies:
      fsevents: 2.3.2
    dev: true

  /vitefu/0.2.4_vite@4.2.0:
    resolution: {integrity: sha512-fanAXjSaf9xXtOOeno8wZXIhgia+CZury481LsDaV++lSvcU2R9Ch2bPh3PYFyoHW+w9LqAeYRISVQjUIew14g==}
    peerDependencies:
      vite: ^3.0.0 || ^4.0.0
    peerDependenciesMeta:
      vite:
        optional: true
    dependencies:
      vite: 4.2.0
    dev: true

  /vscode-css-languageservice/6.2.4:
    resolution: {integrity: sha512-9UG0s3Ss8rbaaPZL1AkGzdjrGY8F+P+Ne9snsrvD9gxltDGhsn8C2dQpqQewHrMW37OvlqJoI8sUU2AWDb+qNw==}
    dependencies:
      '@vscode/l10n': 0.0.11
      vscode-languageserver-textdocument: 1.0.8
      vscode-languageserver-types: 3.17.3
      vscode-uri: 3.0.7
    dev: true

  /vscode-html-languageservice/5.0.4:
    resolution: {integrity: sha512-tvrySfpglu4B2rQgWGVO/IL+skvU7kBkQotRlxA7ocSyRXOZUd6GA13XHkxo8LPe07KWjeoBlN1aVGqdfTK4xA==}
    dependencies:
      '@vscode/l10n': 0.0.11
      vscode-languageserver-textdocument: 1.0.8
      vscode-languageserver-types: 3.17.2
      vscode-uri: 3.0.7
    dev: true

  /vscode-jsonrpc/8.0.2:
    resolution: {integrity: sha512-RY7HwI/ydoC1Wwg4gJ3y6LpU9FJRZAUnTYMXthqhFXXu77ErDd/xkREpGuk4MyYkk4a+XDWAMqe0S3KkelYQEQ==}
    engines: {node: '>=14.0.0'}
    dev: true

  /vscode-languageserver-protocol/3.17.2:
    resolution: {integrity: sha512-8kYisQ3z/SQ2kyjlNeQxbkkTNmVFoQCqkmGrzLH6A9ecPlgTbp3wDTnUNqaUxYr4vlAcloxx8zwy7G5WdguYNg==}
    dependencies:
      vscode-jsonrpc: 8.0.2
      vscode-languageserver-types: 3.17.2
    dev: true

  /vscode-languageserver-textdocument/1.0.8:
    resolution: {integrity: sha512-1bonkGqQs5/fxGT5UchTgjGVnfysL0O8v1AYMBjqTbWQTFn721zaPGDYFkOKtfDgFiSgXM3KwaG3FMGfW4Ed9Q==}
    dev: true

  /vscode-languageserver-types/3.17.2:
    resolution: {integrity: sha512-zHhCWatviizPIq9B7Vh9uvrH6x3sK8itC84HkamnBWoDFJtzBf7SWlpLCZUit72b3os45h6RWQNC9xHRDF8dRA==}
    dev: true

  /vscode-languageserver-types/3.17.3:
    resolution: {integrity: sha512-SYU4z1dL0PyIMd4Vj8YOqFvHu7Hz/enbWtpfnVbJHU4Nd1YNYx8u0ennumc6h48GQNeOLxmwySmnADouT/AuZA==}
    dev: true

  /vscode-languageserver/8.0.2:
    resolution: {integrity: sha512-bpEt2ggPxKzsAOZlXmCJ50bV7VrxwCS5BI4+egUmure/oI/t4OlFzi/YNtVvY24A2UDOZAgwFGgnZPwqSJubkA==}
    hasBin: true
    dependencies:
      vscode-languageserver-protocol: 3.17.2
    dev: true

  /vscode-uri/2.1.2:
    resolution: {integrity: sha512-8TEXQxlldWAuIODdukIb+TR5s+9Ds40eSJrw+1iDDA9IFORPjMELarNQE3myz5XIkWWpdprmJjm1/SxMlWOC8A==}
    dev: true

  /vscode-uri/3.0.7:
    resolution: {integrity: sha512-eOpPHogvorZRobNqJGhapa0JdwaxpjVvyBp0QIUMRMSf8ZAlqOdEquKuRmw9Qwu0qXtJIWqFtMkmvJjUZmMjVA==}
    dev: true

  /windicss/3.5.6:
    resolution: {integrity: sha512-P1mzPEjgFMZLX0ZqfFht4fhV/FX8DTG7ERG1fBLiWvd34pTLVReS5CVsewKn9PApSgXnVfPWwvq+qUsRwpnwFA==}
    engines: {node: '>= 12'}
    hasBin: true
    dev: true

  /wrappy/1.0.2:
    resolution: {integrity: sha512-l4Sp/DRseor9wL6EvV2+TuQn63dMkPjZ/sp9XkghTEbV9KlPS1xUsZ3u7/IQO4wxtcFB4bgpQPRcR3QCvezPcQ==}
    dev: true

  /xterm-addon-attach/0.8.0_xterm@5.1.0:
    resolution: {integrity: sha512-k8N5boSYn6rMJTTNCgFpiSTZ26qnYJf3v/nJJYexNO2sdAHDN3m1ivVQWVZ8CHJKKnZQw1rc44YP2NtgalWHfQ==}
    peerDependencies:
      xterm: ^5.0.0
    dependencies:
      xterm: 5.1.0
    dev: false

  /xterm-addon-fit/0.7.0_xterm@5.1.0:
    resolution: {integrity: sha512-tQgHGoHqRTgeROPnvmtEJywLKoC/V9eNs4bLLz7iyJr1aW/QFzRwfd3MGiJ6odJd9xEfxcW36/xRU47JkD5NKQ==}
    peerDependencies:
      xterm: ^5.0.0
    dependencies:
      xterm: 5.1.0
    dev: false

  /xterm/5.1.0:
    resolution: {integrity: sha512-LovENH4WDzpwynj+OTkLyZgJPeDom9Gra4DMlGAgz6pZhIDCQ+YuO7yfwanY+gVbn/mmZIStNOnVRU/ikQuAEQ==}
    dev: false
