lockfileVersion: 5.4

specifiers:
  prettier: ^2.8.4
  prettier-plugin-svelte: ^2.9.0

devDependencies:
  prettier: 2.8.4
  prettier-plugin-svelte: 2.9.0_prettier@2.8.4

packages:

  /prettier-plugin-svelte/2.9.0_prettier@2.8.4:
    resolution: {integrity: sha512-3doBi5NO4IVgaNPtwewvrgPpqAcvNv0NwJNflr76PIGgi9nf1oguQV1Hpdm9TI2ALIQVn/9iIwLpBO5UcD2Jiw==}
    peerDependencies:
      prettier: ^1.16.4 || ^2.0.0
      svelte: ^3.2.0
    dependencies:
      prettier: 2.8.4
    dev: true

  /prettier/2.8.4:
    resolution: {integrity: sha512-vIS4Rlc2FNh0BySk3Wkd6xmwxB0FpOndW5fisM5H8hsZSxU2VWVB5CWIkIjWvrHjIhxk2g3bfMKM87zNTrZddw==}
    engines: {node: '>=10.13.0'}
    hasBin: true
    dev: true
